
Microsoft Visual Studio Solution File, Format Version 12.00
# Visual Studio Version 16
VisualStudioVersion = 16.0.29806.167
MinimumVisualStudioVersion = 10.0.40219.1
Project("{8BC9CEB8-8B4A-11D0-8D11-00A0C91BC942}") = "Coctail-Sort-C", "Coctail-Sort-C\Coctail-Sort-C.vcxproj", "{3733399C-768A-472A-8BB3-A96C509030D8}"
EndProject
Global
	GlobalSection(SolutionConfigurationPlatforms) = preSolution
		Debug|x64 = Debug|x64
		Debug|x86 = Debug|x86
		Release|x64 = Release|x64
		Release|x86 = Release|x86
	EndGlobalSection
	GlobalSection(ProjectConfigurationPlatforms) = postSolution
		{3733399C-768A-472A-8BB3-A96C509030D8}.Debug|x64.ActiveCfg = Debug|x64
		{3733399C-768A-472A-8BB3-A96C509030D8}.Debug|x64.Build.0 = Debug|x64
		{3733399C-768A-472A-8BB3-A96C509030D8}.Debug|x86.ActiveCfg = Debug|Win32
		{3733399C-768A-472A-8BB3-A96C509030D8}.Debug|x86.Build.0 = Debug|Win32
		{3733399C-768A-472A-8BB3-A96C509030D8}.Release|x64.ActiveCfg = Release|x64
		{3733399C-768A-472A-8BB3-A96C509030D8}.Release|x64.Build.0 = Release|x64
		{3733399C-768A-472A-8BB3-A96C509030D8}.Release|x86.ActiveCfg = Release|Win32
		{3733399C-768A-472A-8BB3-A96C509030D8}.Release|x86.Build.0 = Release|Win32
	EndGlobalSection
	GlobalSection(SolutionProperties) = preSolution
		HideSolutionNode = FALSE
	EndGlobalSection
	GlobalSection(ExtensibilityGlobals) = postSolution
		SolutionGuid = {5FA1A50F-4BEF-4CF3-B2AB-A59290500CEB}
	EndGlobalSection
EndGlobal
